
Microsoft Visual Studio Solution File, Format Version 12.00
# Visual Studio Version 17
VisualStudioVersion = 17.1.32407.343
MinimumVisualStudioVersion = 10.0.40219.1
Project("{FAE04EC0-301F-11D3-BF4B-00C04F79EFBC}") = "Örnek_1", "Örnek_1\Örnek_1.csproj", "{A8B56FA7-BF23-4BC2-B9AB-C89940932C2D}"
EndProject
Global
	GlobalSection(SolutionConfigurationPlatforms) = preSolution
		Debug|Any CPU = Debug|Any CPU
		Release|Any CPU = Release|Any CPU
	EndGlobalSection
	GlobalSection(ProjectConfigurationPlatforms) = postSolution
		{A8B56FA7-BF23-4BC2-B9AB-C89940932C2D}.Debug|Any CPU.ActiveCfg = Debug|Any CPU
		{A8B56FA7-BF23-4BC2-B9AB-C89940932C2D}.Debug|Any CPU.Build.0 = Debug|Any CPU
		{A8B56FA7-BF23-4BC2-B9AB-C89940932C2D}.Release|Any CPU.ActiveCfg = Release|Any CPU
		{A8B56FA7-BF23-4BC2-B9AB-C89940932C2D}.Release|Any CPU.Build.0 = Release|Any CPU
	EndGlobalSection
	GlobalSection(SolutionProperties) = preSolution
		HideSolutionNode = FALSE
	EndGlobalSection
	GlobalSection(ExtensibilityGlobals) = postSolution
		SolutionGuid = {12946602-8DDF-418F-AD8C-E113AE657CFC}
	EndGlobalSection
EndGlobal
