
Microsoft Visual Studio Solution File, Format Version 12.00
# Visual Studio Version 17
VisualStudioVersion = 17.1.32407.343
MinimumVisualStudioVersion = 10.0.40219.1
Project("{FAE04EC0-301F-11D3-BF4B-00C04F79EFBC}") = "WinFormsApp6", "WinFormsApp6\WinFormsApp6.csproj", "{783D8BE9-8F7D-451E-98FC-4BAD10DB1F97}"
EndProject
Global
	GlobalSection(SolutionConfigurationPlatforms) = preSolution
		Debug|Any CPU = Debug|Any CPU
		Release|Any CPU = Release|Any CPU
	EndGlobalSection
	GlobalSection(ProjectConfigurationPlatforms) = postSolution
		{783D8BE9-8F7D-451E-98FC-4BAD10DB1F97}.Debug|Any CPU.ActiveCfg = Debug|Any CPU
		{783D8BE9-8F7D-451E-98FC-4BAD10DB1F97}.Debug|Any CPU.Build.0 = Debug|Any CPU
		{783D8BE9-8F7D-451E-98FC-4BAD10DB1F97}.Release|Any CPU.ActiveCfg = Release|Any CPU
		{783D8BE9-8F7D-451E-98FC-4BAD10DB1F97}.Release|Any CPU.Build.0 = Release|Any CPU
	EndGlobalSection
	GlobalSection(SolutionProperties) = preSolution
		HideSolutionNode = FALSE
	EndGlobalSection
	GlobalSection(ExtensibilityGlobals) = postSolution
		SolutionGuid = {6B277FB8-A76A-4CA0-93AF-75D4AF8E3929}
	EndGlobalSection
EndGlobal
