
Microsoft Visual Studio Solution File, Format Version 12.00
# Visual Studio Version 17
VisualStudioVersion = 17.1.32407.343
MinimumVisualStudioVersion = 10.0.40219.1
Project("{FAE04EC0-301F-11D3-BF4B-00C04F79EFBC}") = "Form açma Çoklu", "Form açma Çoklu\Form açma Çoklu.csproj", "{00FE1FE0-3482-46B0-ADA4-88EA07DA6377}"
EndProject
Global
	GlobalSection(SolutionConfigurationPlatforms) = preSolution
		Debug|Any CPU = Debug|Any CPU
		Release|Any CPU = Release|Any CPU
	EndGlobalSection
	GlobalSection(ProjectConfigurationPlatforms) = postSolution
		{00FE1FE0-3482-46B0-ADA4-88EA07DA6377}.Debug|Any CPU.ActiveCfg = Debug|Any CPU
		{00FE1FE0-3482-46B0-ADA4-88EA07DA6377}.Debug|Any CPU.Build.0 = Debug|Any CPU
		{00FE1FE0-3482-46B0-ADA4-88EA07DA6377}.Release|Any CPU.ActiveCfg = Release|Any CPU
		{00FE1FE0-3482-46B0-ADA4-88EA07DA6377}.Release|Any CPU.Build.0 = Release|Any CPU
	EndGlobalSection
	GlobalSection(SolutionProperties) = preSolution
		HideSolutionNode = FALSE
	EndGlobalSection
	GlobalSection(ExtensibilityGlobals) = postSolution
		SolutionGuid = {F732C57B-EB34-4613-AA3A-04C7D8420D3E}
	EndGlobalSection
EndGlobal
