
Microsoft Visual Studio Solution File, Format Version 12.00
# Visual Studio Version 17
VisualStudioVersion = 17.1.32407.343
MinimumVisualStudioVersion = 10.0.40219.1
Project("{FAE04EC0-301F-11D3-BF4B-00C04F79EFBC}") = "WinFormsApp4", "WinFormsApp4\WinFormsApp4.csproj", "{B7F1FC6F-F6AA-4DAA-8074-A6C4D1A9C558}"
EndProject
Global
	GlobalSection(SolutionConfigurationPlatforms) = preSolution
		Debug|Any CPU = Debug|Any CPU
		Release|Any CPU = Release|Any CPU
	EndGlobalSection
	GlobalSection(ProjectConfigurationPlatforms) = postSolution
		{B7F1FC6F-F6AA-4DAA-8074-A6C4D1A9C558}.Debug|Any CPU.ActiveCfg = Debug|Any CPU
		{B7F1FC6F-F6AA-4DAA-8074-A6C4D1A9C558}.Debug|Any CPU.Build.0 = Debug|Any CPU
		{B7F1FC6F-F6AA-4DAA-8074-A6C4D1A9C558}.Release|Any CPU.ActiveCfg = Release|Any CPU
		{B7F1FC6F-F6AA-4DAA-8074-A6C4D1A9C558}.Release|Any CPU.Build.0 = Release|Any CPU
	EndGlobalSection
	GlobalSection(SolutionProperties) = preSolution
		HideSolutionNode = FALSE
	EndGlobalSection
	GlobalSection(ExtensibilityGlobals) = postSolution
		SolutionGuid = {78358440-F00B-449D-B5BF-93314FC7E724}
	EndGlobalSection
EndGlobal
